
Microsoft Visual Studio Solution File, Format Version 12.00
# Visual Studio 15
VisualStudioVersion = 15.0.26923.0
MinimumVisualStudioVersion = 10.0.40219.1
Project("{9A19103F-16F7-4668-BE54-9A1E7A4F7556}") = "Spike.Core", "EFCoreSpike5\Spike.Core.csproj", "{6C81414F-C1FB-4DE5-B229-259BB8EF0A0F}"
EndProject
Project("{9A19103F-16F7-4668-BE54-9A1E7A4F7556}") = "Spike.WebApi", "SpikeWebAPI\Spike.WebApi.csproj", "{6B916AE7-841E-4AA5-9D48-B579D73BD4EB}"
EndProject
Project("{9A19103F-16F7-4668-BE54-9A1E7A4F7556}") = "Spike.Infrastructure", "SpikeRepo\Spike.Infrastructure.csproj", "{623BDD32-0546-4B56-92BA-4A08C2582999}"
EndProject
Project("{9A19103F-16F7-4668-BE54-9A1E7A4F7556}") = "ValidatorsTest", "ValidatorsTest\ValidatorsTest.csproj", "{5C105B50-8C9D-451A-9EF5-CBDB23378FFA}"
EndProject
Project("{9A19103F-16F7-4668-BE54-9A1E7A4F7556}") = "Spike.Infrastructure.Extension.Test", "ExtensionTests\Spike.Infrastructure.Extension.Test.csproj", "{AAAE15D4-DFE3-427A-913A-77AFEAB47F46}"
EndProject
Project("{9A19103F-16F7-4668-BE54-9A1E7A4F7556}") = "ControllersTest", "ControllersTest\ControllersTest.csproj", "{581B4B75-7BA7-4E96-BE62-6F7557B62E9A}"
EndProject
Project("{9A19103F-16F7-4668-BE54-9A1E7A4F7556}") = "ConvertersTest", "ConvertersTest\ConvertersTest.csproj", "{AA51D926-CB8E-44F1-BF31-4A7C29905280}"
EndProject
Project("{9A19103F-16F7-4668-BE54-9A1E7A4F7556}") = "SpikeConnectProviders", "SpikeConnectProviders\SpikeConnectProviders.csproj", "{26558ED1-3E95-4068-B848-BACAA0C991D2}"
EndProject
Project("{9A19103F-16F7-4668-BE54-9A1E7A4F7556}") = "Spike.Service.Interface", "Infrastructure\Spike.Service.Interface.csproj", "{71971F03-5250-49B5-9593-BE141741067B}"
EndProject
Project("{9A19103F-16F7-4668-BE54-9A1E7A4F7556}") = "Spike.Core.Interface", "Spike.Core.Interface\Spike.Core.Interface.csproj", "{FDAA0263-FD45-47D5-9C68-9B01D1F4FCC3}"
EndProject
Global
	GlobalSection(SolutionConfigurationPlatforms) = preSolution
		Debug|Any CPU = Debug|Any CPU
		Release|Any CPU = Release|Any CPU
	EndGlobalSection
	GlobalSection(ProjectConfigurationPlatforms) = postSolution
		{6C81414F-C1FB-4DE5-B229-259BB8EF0A0F}.Debug|Any CPU.ActiveCfg = Debug|Any CPU
		{6C81414F-C1FB-4DE5-B229-259BB8EF0A0F}.Debug|Any CPU.Build.0 = Debug|Any CPU
		{6C81414F-C1FB-4DE5-B229-259BB8EF0A0F}.Release|Any CPU.ActiveCfg = Release|Any CPU
		{6C81414F-C1FB-4DE5-B229-259BB8EF0A0F}.Release|Any CPU.Build.0 = Release|Any CPU
		{6B916AE7-841E-4AA5-9D48-B579D73BD4EB}.Debug|Any CPU.ActiveCfg = Debug|Any CPU
		{6B916AE7-841E-4AA5-9D48-B579D73BD4EB}.Debug|Any CPU.Build.0 = Debug|Any CPU
		{6B916AE7-841E-4AA5-9D48-B579D73BD4EB}.Release|Any CPU.ActiveCfg = Release|Any CPU
		{6B916AE7-841E-4AA5-9D48-B579D73BD4EB}.Release|Any CPU.Build.0 = Release|Any CPU
		{623BDD32-0546-4B56-92BA-4A08C2582999}.Debug|Any CPU.ActiveCfg = Debug|Any CPU
		{623BDD32-0546-4B56-92BA-4A08C2582999}.Debug|Any CPU.Build.0 = Debug|Any CPU
		{623BDD32-0546-4B56-92BA-4A08C2582999}.Release|Any CPU.ActiveCfg = Release|Any CPU
		{623BDD32-0546-4B56-92BA-4A08C2582999}.Release|Any CPU.Build.0 = Release|Any CPU
		{5C105B50-8C9D-451A-9EF5-CBDB23378FFA}.Debug|Any CPU.ActiveCfg = Debug|Any CPU
		{5C105B50-8C9D-451A-9EF5-CBDB23378FFA}.Debug|Any CPU.Build.0 = Debug|Any CPU
		{5C105B50-8C9D-451A-9EF5-CBDB23378FFA}.Release|Any CPU.ActiveCfg = Release|Any CPU
		{5C105B50-8C9D-451A-9EF5-CBDB23378FFA}.Release|Any CPU.Build.0 = Release|Any CPU
		{AAAE15D4-DFE3-427A-913A-77AFEAB47F46}.Debug|Any CPU.ActiveCfg = Debug|Any CPU
		{AAAE15D4-DFE3-427A-913A-77AFEAB47F46}.Debug|Any CPU.Build.0 = Debug|Any CPU
		{AAAE15D4-DFE3-427A-913A-77AFEAB47F46}.Release|Any CPU.ActiveCfg = Release|Any CPU
		{AAAE15D4-DFE3-427A-913A-77AFEAB47F46}.Release|Any CPU.Build.0 = Release|Any CPU
		{581B4B75-7BA7-4E96-BE62-6F7557B62E9A}.Debug|Any CPU.ActiveCfg = Debug|Any CPU
		{581B4B75-7BA7-4E96-BE62-6F7557B62E9A}.Debug|Any CPU.Build.0 = Debug|Any CPU
		{581B4B75-7BA7-4E96-BE62-6F7557B62E9A}.Release|Any CPU.ActiveCfg = Release|Any CPU
		{581B4B75-7BA7-4E96-BE62-6F7557B62E9A}.Release|Any CPU.Build.0 = Release|Any CPU
		{AA51D926-CB8E-44F1-BF31-4A7C29905280}.Debug|Any CPU.ActiveCfg = Debug|Any CPU
		{AA51D926-CB8E-44F1-BF31-4A7C29905280}.Debug|Any CPU.Build.0 = Debug|Any CPU
		{AA51D926-CB8E-44F1-BF31-4A7C29905280}.Release|Any CPU.ActiveCfg = Release|Any CPU
		{AA51D926-CB8E-44F1-BF31-4A7C29905280}.Release|Any CPU.Build.0 = Release|Any CPU
		{26558ED1-3E95-4068-B848-BACAA0C991D2}.Debug|Any CPU.ActiveCfg = Debug|Any CPU
		{26558ED1-3E95-4068-B848-BACAA0C991D2}.Debug|Any CPU.Build.0 = Debug|Any CPU
		{26558ED1-3E95-4068-B848-BACAA0C991D2}.Release|Any CPU.ActiveCfg = Release|Any CPU
		{26558ED1-3E95-4068-B848-BACAA0C991D2}.Release|Any CPU.Build.0 = Release|Any CPU
		{71971F03-5250-49B5-9593-BE141741067B}.Debug|Any CPU.ActiveCfg = Debug|Any CPU
		{71971F03-5250-49B5-9593-BE141741067B}.Debug|Any CPU.Build.0 = Debug|Any CPU
		{71971F03-5250-49B5-9593-BE141741067B}.Release|Any CPU.ActiveCfg = Release|Any CPU
		{71971F03-5250-49B5-9593-BE141741067B}.Release|Any CPU.Build.0 = Release|Any CPU
		{FDAA0263-FD45-47D5-9C68-9B01D1F4FCC3}.Debug|Any CPU.ActiveCfg = Debug|Any CPU
		{FDAA0263-FD45-47D5-9C68-9B01D1F4FCC3}.Debug|Any CPU.Build.0 = Debug|Any CPU
		{FDAA0263-FD45-47D5-9C68-9B01D1F4FCC3}.Release|Any CPU.ActiveCfg = Release|Any CPU
		{FDAA0263-FD45-47D5-9C68-9B01D1F4FCC3}.Release|Any CPU.Build.0 = Release|Any CPU
	EndGlobalSection
	GlobalSection(SolutionProperties) = preSolution
		HideSolutionNode = FALSE
	EndGlobalSection
	GlobalSection(ExtensibilityGlobals) = postSolution
		SolutionGuid = {650A451A-29C8-4A6B-8FFD-7D6F81DDDB58}
	EndGlobalSection
EndGlobal
